
Microsoft Visual Studio Solution File, Format Version 12.00
# Visual Studio 15
VisualStudioVersion = 15.0.27703.2018
MinimumVisualStudioVersion = 10.0.40219.1
Project("{FAE04EC0-301F-11D3-BF4B-00C04F79EFBC}") = "XamarinBoilerPlate.Android", "XamarinBoilerPlate\XamarinBoilerPlate.Android\XamarinBoilerPlate.Android.csproj", "{F9764840-7BCC-413E-8818-78C0F58DA5A2}"
EndProject
Project("{FAE04EC0-301F-11D3-BF4B-00C04F79EFBC}") = "XamarinBoilerPlate.iOS", "XamarinBoilerPlate\XamarinBoilerPlate.iOS\XamarinBoilerPlate.iOS.csproj", "{180A4CA5-D361-40A7-A9BE-79D49BA9C667}"
EndProject
Project("{FAE04EC0-301F-11D3-BF4B-00C04F79EFBC}") = "XamarinBoilerPlate", "XamarinBoilerPlate\XamarinBoilerPlate\XamarinBoilerPlate.csproj", "{4AE5E3B1-71E1-489F-9025-BC31361BFD65}"
EndProject
Global
	GlobalSection(SolutionConfigurationPlatforms) = preSolution
		Ad-Hoc|Any CPU = Ad-Hoc|Any CPU
		Ad-Hoc|iPhone = Ad-Hoc|iPhone
		Ad-Hoc|iPhoneSimulator = Ad-Hoc|iPhoneSimulator
		AppStore|Any CPU = AppStore|Any CPU
		AppStore|iPhone = AppStore|iPhone
		AppStore|iPhoneSimulator = AppStore|iPhoneSimulator
		Debug|Any CPU = Debug|Any CPU
		Debug|iPhone = Debug|iPhone
		Debug|iPhoneSimulator = Debug|iPhoneSimulator
		Release|Any CPU = Release|Any CPU
		Release|iPhone = Release|iPhone
		Release|iPhoneSimulator = Release|iPhoneSimulator
	EndGlobalSection
	GlobalSection(ProjectConfigurationPlatforms) = postSolution
		{F9764840-7BCC-413E-8818-78C0F58DA5A2}.Ad-Hoc|Any CPU.ActiveCfg = Release|Any CPU
		{F9764840-7BCC-413E-8818-78C0F58DA5A2}.Ad-Hoc|Any CPU.Build.0 = Release|Any CPU
		{F9764840-7BCC-413E-8818-78C0F58DA5A2}.Ad-Hoc|Any CPU.Deploy.0 = Release|Any CPU
		{F9764840-7BCC-413E-8818-78C0F58DA5A2}.Ad-Hoc|iPhone.ActiveCfg = Release|Any CPU
		{F9764840-7BCC-413E-8818-78C0F58DA5A2}.Ad-Hoc|iPhone.Build.0 = Release|Any CPU
		{F9764840-7BCC-413E-8818-78C0F58DA5A2}.Ad-Hoc|iPhone.Deploy.0 = Release|Any CPU
		{F9764840-7BCC-413E-8818-78C0F58DA5A2}.Ad-Hoc|iPhoneSimulator.ActiveCfg = Release|Any CPU
		{F9764840-7BCC-413E-8818-78C0F58DA5A2}.Ad-Hoc|iPhoneSimulator.Build.0 = Release|Any CPU
		{F9764840-7BCC-413E-8818-78C0F58DA5A2}.Ad-Hoc|iPhoneSimulator.Deploy.0 = Release|Any CPU
		{F9764840-7BCC-413E-8818-78C0F58DA5A2}.AppStore|Any CPU.ActiveCfg = Release|Any CPU
		{F9764840-7BCC-413E-8818-78C0F58DA5A2}.AppStore|Any CPU.Build.0 = Release|Any CPU
		{F9764840-7BCC-413E-8818-78C0F58DA5A2}.AppStore|Any CPU.Deploy.0 = Release|Any CPU
		{F9764840-7BCC-413E-8818-78C0F58DA5A2}.AppStore|iPhone.ActiveCfg = Release|Any CPU
		{F9764840-7BCC-413E-8818-78C0F58DA5A2}.AppStore|iPhone.Build.0 = Release|Any CPU
		{F9764840-7BCC-413E-8818-78C0F58DA5A2}.AppStore|iPhone.Deploy.0 = Release|Any CPU
		{F9764840-7BCC-413E-8818-78C0F58DA5A2}.AppStore|iPhoneSimulator.ActiveCfg = Release|Any CPU
		{F9764840-7BCC-413E-8818-78C0F58DA5A2}.AppStore|iPhoneSimulator.Build.0 = Release|Any CPU
		{F9764840-7BCC-413E-8818-78C0F58DA5A2}.AppStore|iPhoneSimulator.Deploy.0 = Release|Any CPU
		{F9764840-7BCC-413E-8818-78C0F58DA5A2}.Debug|Any CPU.ActiveCfg = Debug|Any CPU
		{F9764840-7BCC-413E-8818-78C0F58DA5A2}.Debug|Any CPU.Build.0 = Debug|Any CPU
		{F9764840-7BCC-413E-8818-78C0F58DA5A2}.Debug|Any CPU.Deploy.0 = Debug|Any CPU
		{F9764840-7BCC-413E-8818-78C0F58DA5A2}.Debug|iPhone.ActiveCfg = Debug|Any CPU
		{F9764840-7BCC-413E-8818-78C0F58DA5A2}.Debug|iPhone.Build.0 = Debug|Any CPU
		{F9764840-7BCC-413E-8818-78C0F58DA5A2}.Debug|iPhone.Deploy.0 = Debug|Any CPU
		{F9764840-7BCC-413E-8818-78C0F58DA5A2}.Debug|iPhoneSimulator.ActiveCfg = Debug|Any CPU
		{F9764840-7BCC-413E-8818-78C0F58DA5A2}.Debug|iPhoneSimulator.Build.0 = Debug|Any CPU
		{F9764840-7BCC-413E-8818-78C0F58DA5A2}.Debug|iPhoneSimulator.Deploy.0 = Debug|Any CPU
		{F9764840-7BCC-413E-8818-78C0F58DA5A2}.Release|Any CPU.ActiveCfg = Release|Any CPU
		{F9764840-7BCC-413E-8818-78C0F58DA5A2}.Release|Any CPU.Build.0 = Release|Any CPU
		{F9764840-7BCC-413E-8818-78C0F58DA5A2}.Release|Any CPU.Deploy.0 = Release|Any CPU
		{F9764840-7BCC-413E-8818-78C0F58DA5A2}.Release|iPhone.ActiveCfg = Release|Any CPU
		{F9764840-7BCC-413E-8818-78C0F58DA5A2}.Release|iPhone.Build.0 = Release|Any CPU
		{F9764840-7BCC-413E-8818-78C0F58DA5A2}.Release|iPhone.Deploy.0 = Release|Any CPU
		{F9764840-7BCC-413E-8818-78C0F58DA5A2}.Release|iPhoneSimulator.ActiveCfg = Release|Any CPU
		{F9764840-7BCC-413E-8818-78C0F58DA5A2}.Release|iPhoneSimulator.Build.0 = Release|Any CPU
		{F9764840-7BCC-413E-8818-78C0F58DA5A2}.Release|iPhoneSimulator.Deploy.0 = Release|Any CPU
		{180A4CA5-D361-40A7-A9BE-79D49BA9C667}.Ad-Hoc|Any CPU.ActiveCfg = Ad-Hoc|iPhone
		{180A4CA5-D361-40A7-A9BE-79D49BA9C667}.Ad-Hoc|Any CPU.Build.0 = Ad-Hoc|iPhone
		{180A4CA5-D361-40A7-A9BE-79D49BA9C667}.Ad-Hoc|Any CPU.Deploy.0 = Ad-Hoc|iPhone
		{180A4CA5-D361-40A7-A9BE-79D49BA9C667}.Ad-Hoc|iPhone.ActiveCfg = Ad-Hoc|iPhone
		{180A4CA5-D361-40A7-A9BE-79D49BA9C667}.Ad-Hoc|iPhone.Build.0 = Ad-Hoc|iPhone
		{180A4CA5-D361-40A7-A9BE-79D49BA9C667}.Ad-Hoc|iPhone.Deploy.0 = Ad-Hoc|iPhone
		{180A4CA5-D361-40A7-A9BE-79D49BA9C667}.Ad-Hoc|iPhoneSimulator.ActiveCfg = Ad-Hoc|iPhoneSimulator
		{180A4CA5-D361-40A7-A9BE-79D49BA9C667}.Ad-Hoc|iPhoneSimulator.Build.0 = Ad-Hoc|iPhoneSimulator
		{180A4CA5-D361-40A7-A9BE-79D49BA9C667}.Ad-Hoc|iPhoneSimulator.Deploy.0 = Ad-Hoc|iPhoneSimulator
		{180A4CA5-D361-40A7-A9BE-79D49BA9C667}.AppStore|Any CPU.ActiveCfg = AppStore|iPhone
		{180A4CA5-D361-40A7-A9BE-79D49BA9C667}.AppStore|Any CPU.Build.0 = AppStore|iPhone
		{180A4CA5-D361-40A7-A9BE-79D49BA9C667}.AppStore|Any CPU.Deploy.0 = AppStore|iPhone
		{180A4CA5-D361-40A7-A9BE-79D49BA9C667}.AppStore|iPhone.ActiveCfg = AppStore|iPhone
		{180A4CA5-D361-40A7-A9BE-79D49BA9C667}.AppStore|iPhone.Build.0 = AppStore|iPhone
		{180A4CA5-D361-40A7-A9BE-79D49BA9C667}.AppStore|iPhone.Deploy.0 = AppStore|iPhone
		{180A4CA5-D361-40A7-A9BE-79D49BA9C667}.AppStore|iPhoneSimulator.ActiveCfg = AppStore|iPhoneSimulator
		{180A4CA5-D361-40A7-A9BE-79D49BA9C667}.AppStore|iPhoneSimulator.Build.0 = AppStore|iPhoneSimulator
		{180A4CA5-D361-40A7-A9BE-79D49BA9C667}.AppStore|iPhoneSimulator.Deploy.0 = AppStore|iPhoneSimulator
		{180A4CA5-D361-40A7-A9BE-79D49BA9C667}.Debug|Any CPU.ActiveCfg = Debug|iPhoneSimulator
		{180A4CA5-D361-40A7-A9BE-79D49BA9C667}.Debug|Any CPU.Build.0 = Debug|iPhoneSimulator
		{180A4CA5-D361-40A7-A9BE-79D49BA9C667}.Debug|Any CPU.Deploy.0 = Debug|iPhoneSimulator
		{180A4CA5-D361-40A7-A9BE-79D49BA9C667}.Debug|iPhone.ActiveCfg = Debug|iPhone
		{180A4CA5-D361-40A7-A9BE-79D49BA9C667}.Debug|iPhone.Build.0 = Debug|iPhone
		{180A4CA5-D361-40A7-A9BE-79D49BA9C667}.Debug|iPhone.Deploy.0 = Debug|iPhone
		{180A4CA5-D361-40A7-A9BE-79D49BA9C667}.Debug|iPhoneSimulator.ActiveCfg = Debug|iPhoneSimulator
		{180A4CA5-D361-40A7-A9BE-79D49BA9C667}.Debug|iPhoneSimulator.Build.0 = Debug|iPhoneSimulator
		{180A4CA5-D361-40A7-A9BE-79D49BA9C667}.Debug|iPhoneSimulator.Deploy.0 = Debug|iPhoneSimulator
		{180A4CA5-D361-40A7-A9BE-79D49BA9C667}.Release|Any CPU.ActiveCfg = Release|iPhone
		{180A4CA5-D361-40A7-A9BE-79D49BA9C667}.Release|Any CPU.Build.0 = Release|iPhone
		{180A4CA5-D361-40A7-A9BE-79D49BA9C667}.Release|Any CPU.Deploy.0 = Release|iPhone
		{180A4CA5-D361-40A7-A9BE-79D49BA9C667}.Release|iPhone.ActiveCfg = Release|iPhone
		{180A4CA5-D361-40A7-A9BE-79D49BA9C667}.Release|iPhone.Build.0 = Release|iPhone
		{180A4CA5-D361-40A7-A9BE-79D49BA9C667}.Release|iPhone.Deploy.0 = Release|iPhone
		{180A4CA5-D361-40A7-A9BE-79D49BA9C667}.Release|iPhoneSimulator.ActiveCfg = Release|iPhoneSimulator
		{180A4CA5-D361-40A7-A9BE-79D49BA9C667}.Release|iPhoneSimulator.Build.0 = Release|iPhoneSimulator
		{180A4CA5-D361-40A7-A9BE-79D49BA9C667}.Release|iPhoneSimulator.Deploy.0 = Release|iPhoneSimulator
		{4AE5E3B1-71E1-489F-9025-BC31361BFD65}.Ad-Hoc|Any CPU.ActiveCfg = Debug|Any CPU
		{4AE5E3B1-71E1-489F-9025-BC31361BFD65}.Ad-Hoc|Any CPU.Build.0 = Debug|Any CPU
		{4AE5E3B1-71E1-489F-9025-BC31361BFD65}.Ad-Hoc|Any CPU.Deploy.0 = Debug|Any CPU
		{4AE5E3B1-71E1-489F-9025-BC31361BFD65}.Ad-Hoc|iPhone.ActiveCfg = Debug|Any CPU
		{4AE5E3B1-71E1-489F-9025-BC31361BFD65}.Ad-Hoc|iPhone.Build.0 = Debug|Any CPU
		{4AE5E3B1-71E1-489F-9025-BC31361BFD65}.Ad-Hoc|iPhone.Deploy.0 = Debug|Any CPU
		{4AE5E3B1-71E1-489F-9025-BC31361BFD65}.Ad-Hoc|iPhoneSimulator.ActiveCfg = Debug|Any CPU
		{4AE5E3B1-71E1-489F-9025-BC31361BFD65}.Ad-Hoc|iPhoneSimulator.Build.0 = Debug|Any CPU
		{4AE5E3B1-71E1-489F-9025-BC31361BFD65}.Ad-Hoc|iPhoneSimulator.Deploy.0 = Debug|Any CPU
		{4AE5E3B1-71E1-489F-9025-BC31361BFD65}.AppStore|Any CPU.ActiveCfg = Debug|Any CPU
		{4AE5E3B1-71E1-489F-9025-BC31361BFD65}.AppStore|Any CPU.Build.0 = Debug|Any CPU
		{4AE5E3B1-71E1-489F-9025-BC31361BFD65}.AppStore|Any CPU.Deploy.0 = Debug|Any CPU
		{4AE5E3B1-71E1-489F-9025-BC31361BFD65}.AppStore|iPhone.ActiveCfg = Debug|Any CPU
		{4AE5E3B1-71E1-489F-9025-BC31361BFD65}.AppStore|iPhone.Build.0 = Debug|Any CPU
		{4AE5E3B1-71E1-489F-9025-BC31361BFD65}.AppStore|iPhone.Deploy.0 = Debug|Any CPU
		{4AE5E3B1-71E1-489F-9025-BC31361BFD65}.AppStore|iPhoneSimulator.ActiveCfg = Debug|Any CPU
		{4AE5E3B1-71E1-489F-9025-BC31361BFD65}.AppStore|iPhoneSimulator.Build.0 = Debug|Any CPU
		{4AE5E3B1-71E1-489F-9025-BC31361BFD65}.AppStore|iPhoneSimulator.Deploy.0 = Debug|Any CPU
		{4AE5E3B1-71E1-489F-9025-BC31361BFD65}.Debug|Any CPU.ActiveCfg = Debug|Any CPU
		{4AE5E3B1-71E1-489F-9025-BC31361BFD65}.Debug|Any CPU.Build.0 = Debug|Any CPU
		{4AE5E3B1-71E1-489F-9025-BC31361BFD65}.Debug|Any CPU.Deploy.0 = Debug|Any CPU
		{4AE5E3B1-71E1-489F-9025-BC31361BFD65}.Debug|iPhone.ActiveCfg = Debug|Any CPU
		{4AE5E3B1-71E1-489F-9025-BC31361BFD65}.Debug|iPhone.Build.0 = Debug|Any CPU
		{4AE5E3B1-71E1-489F-9025-BC31361BFD65}.Debug|iPhone.Deploy.0 = Debug|Any CPU
		{4AE5E3B1-71E1-489F-9025-BC31361BFD65}.Debug|iPhoneSimulator.ActiveCfg = Debug|Any CPU
		{4AE5E3B1-71E1-489F-9025-BC31361BFD65}.Debug|iPhoneSimulator.Build.0 = Debug|Any CPU
		{4AE5E3B1-71E1-489F-9025-BC31361BFD65}.Debug|iPhoneSimulator.Deploy.0 = Debug|Any CPU
		{4AE5E3B1-71E1-489F-9025-BC31361BFD65}.Release|Any CPU.ActiveCfg = Release|Any CPU
		{4AE5E3B1-71E1-489F-9025-BC31361BFD65}.Release|Any CPU.Build.0 = Release|Any CPU
		{4AE5E3B1-71E1-489F-9025-BC31361BFD65}.Release|Any CPU.Deploy.0 = Release|Any CPU
		{4AE5E3B1-71E1-489F-9025-BC31361BFD65}.Release|iPhone.ActiveCfg = Release|Any CPU
		{4AE5E3B1-71E1-489F-9025-BC31361BFD65}.Release|iPhone.Build.0 = Release|Any CPU
		{4AE5E3B1-71E1-489F-9025-BC31361BFD65}.Release|iPhone.Deploy.0 = Release|Any CPU
		{4AE5E3B1-71E1-489F-9025-BC31361BFD65}.Release|iPhoneSimulator.ActiveCfg = Release|Any CPU
		{4AE5E3B1-71E1-489F-9025-BC31361BFD65}.Release|iPhoneSimulator.Build.0 = Release|Any CPU
		{4AE5E3B1-71E1-489F-9025-BC31361BFD65}.Release|iPhoneSimulator.Deploy.0 = Release|Any CPU
	EndGlobalSection
	GlobalSection(SolutionProperties) = preSolution
		HideSolutionNode = FALSE
	EndGlobalSection
	GlobalSection(ExtensibilityGlobals) = postSolution
		SolutionGuid = {58D70ACC-D476-45E3-AB05-77FE2AEA6459}
	EndGlobalSection
EndGlobal
